
Microsoft Visual Studio Solution File, Format Version 12.00
# Visual Studio 2012
Project("{FAE04EC0-301F-11D3-BF4B-00C04F79EFBC}") = "WindowsFormsApplication2", "WindowsFormsApplication2\WindowsFormsApplication2.csproj", "{FB935670-B83E-4F89-8CE0-74CE5BF033EC}"
EndProject
Global
	GlobalSection(SolutionConfigurationPlatforms) = preSolution
		Debug|Any CPU = Debug|Any CPU
		Release|Any CPU = Release|Any CPU
	EndGlobalSection
	GlobalSection(ProjectConfigurationPlatforms) = postSolution
		{FB935670-B83E-4F89-8CE0-74CE5BF033EC}.Debug|Any CPU.ActiveCfg = Debug|Any CPU
		{FB935670-B83E-4F89-8CE0-74CE5BF033EC}.Debug|Any CPU.Build.0 = Debug|Any CPU
		{FB935670-B83E-4F89-8CE0-74CE5BF033EC}.Release|Any CPU.ActiveCfg = Release|Any CPU
		{FB935670-B83E-4F89-8CE0-74CE5BF033EC}.Release|Any CPU.Build.0 = Release|Any CPU
	EndGlobalSection
	GlobalSection(SolutionProperties) = preSolution
		HideSolutionNode = FALSE
	EndGlobalSection
EndGlobal
